
Microsoft Visual Studio Solution File, Format Version 12.00
# Visual Studio Version 16
VisualStudioVersion = 16.0.29230.47
MinimumVisualStudioVersion = 10.0.40219.1
Project("{FAE04EC0-301F-11D3-BF4B-00C04F79EFBC}") = "managedsql", "managedsql.csproj", "{C77A1CA3-5D14-4253-8C69-479A4D7291D6}"
EndProject
Global
	GlobalSection(SolutionConfigurationPlatforms) = preSolution
		Debug|Any CPU = Debug|Any CPU
		Release|Any CPU = Release|Any CPU
	EndGlobalSection
	GlobalSection(ProjectConfigurationPlatforms) = postSolution
		{C77A1CA3-5D14-4253-8C69-479A4D7291D6}.Debug|Any CPU.ActiveCfg = Debug|Any CPU
		{C77A1CA3-5D14-4253-8C69-479A4D7291D6}.Debug|Any CPU.Build.0 = Debug|Any CPU
		{C77A1CA3-5D14-4253-8C69-479A4D7291D6}.Release|Any CPU.ActiveCfg = Release|Any CPU
		{C77A1CA3-5D14-4253-8C69-479A4D7291D6}.Release|Any CPU.Build.0 = Release|Any CPU
	EndGlobalSection
	GlobalSection(SolutionProperties) = preSolution
		HideSolutionNode = FALSE
	EndGlobalSection
	GlobalSection(ExtensibilityGlobals) = postSolution
		SolutionGuid = {590F6990-F992-49CD-A7D4-5A7A858F5E4D}
	EndGlobalSection
EndGlobal
